// !$*UTF8*$!
{
	archiveVersion = 1;
	classes = {
	};
	objectVersion = 46;
	objects = {

/* Begin PBXBuildFile section */
		7357734C1C9A4ED60000CD54 /* main.m in Sources */ = {isa = PBXBuildFile; fileRef = 7357734B1C9A4ED60000CD54 /* main.m */; };
		7357734F1C9A4ED60000CD54 /* AppDelegate.m in Sources */ = {isa = PBXBuildFile; fileRef = 7357734E1C9A4ED60000CD54 /* AppDelegate.m */; };
		735773521C9A4ED60000CD54 /* ViewController.m in Sources */ = {isa = PBXBuildFile; fileRef = 735773511C9A4ED60000CD54 /* ViewController.m */; };
		735773551C9A4ED60000CD54 /* Main.storyboard in Resources */ = {isa = PBXBuildFile; fileRef = 735773531C9A4ED60000CD54 /* Main.storyboard */; };
		735773571C9A4ED60000CD54 /* Assets.xcassets in Resources */ = {isa = PBXBuildFile; fileRef = 735773561C9A4ED60000CD54 /* Assets.xcassets */; };
		7357735A1C9A4ED60000CD54 /* LaunchScreen.storyboard in Resources */ = {isa = PBXBuildFile; fileRef = 735773581C9A4ED60000CD54 /* LaunchScreen.storyboard */; };
		735773651C9A4ED60000CD54 /* MVCTests.m in Sources */ = {isa = PBXBuildFile; fileRef = 735773641C9A4ED60000CD54 /* MVCTests.m */; };
		735773701C9A4ED60000CD54 /* MVCUITests.m in Sources */ = {isa = PBXBuildFile; fileRef = 7357736F1C9A4ED60000CD54 /* MVCUITests.m */; };
		735773821C9A4FB10000CD54 /* List_TableViewController.m in Sources */ = {isa = PBXBuildFile; fileRef = 735773811C9A4FB10000CD54 /* List_TableViewController.m */; };
		735773851C9A4FEC0000CD54 /* TeacherModel.m in Sources */ = {isa = PBXBuildFile; fileRef = 735773841C9A4FEC0000CD54 /* TeacherModel.m */; };
		735773891C9A53A70000CD54 /* TableViewCell.m in Sources */ = {isa = PBXBuildFile; fileRef = 735773871C9A53A70000CD54 /* TableViewCell.m */; };
		7357738A1C9A53A70000CD54 /* TableViewCell.xib in Resources */ = {isa = PBXBuildFile; fileRef = 735773881C9A53A70000CD54 /* TableViewCell.xib */; };
		7357738E1C9A5D620000CD54 /* AViewController.m in Sources */ = {isa = PBXBuildFile; fileRef = 7357738D1C9A5D620000CD54 /* AViewController.m */; };
		735773A31C9A5E720000CD54 /* AFHTTPRequestOperation.m in Sources */ = {isa = PBXBuildFile; fileRef = 735773911C9A5E720000CD54 /* AFHTTPRequestOperation.m */; };
		735773A41C9A5E720000CD54 /* AFHTTPRequestOperationManager.m in Sources */ = {isa = PBXBuildFile; fileRef = 735773931C9A5E720000CD54 /* AFHTTPRequestOperationManager.m */; };
		735773A51C9A5E720000CD54 /* AFHTTPSessionManager.m in Sources */ = {isa = PBXBuildFile; fileRef = 735773951C9A5E720000CD54 /* AFHTTPSessionManager.m */; };
		735773A61C9A5E720000CD54 /* AFNetworkReachabilityManager.m in Sources */ = {isa = PBXBuildFile; fileRef = 735773981C9A5E720000CD54 /* AFNetworkReachabilityManager.m */; };
		735773A71C9A5E720000CD54 /* AFSecurityPolicy.m in Sources */ = {isa = PBXBuildFile; fileRef = 7357739A1C9A5E720000CD54 /* AFSecurityPolicy.m */; };
		735773A81C9A5E720000CD54 /* AFURLConnectionOperation.m in Sources */ = {isa = PBXBuildFile; fileRef = 7357739C1C9A5E720000CD54 /* AFURLConnectionOperation.m */; };
		735773A91C9A5E720000CD54 /* AFURLRequestSerialization.m in Sources */ = {isa = PBXBuildFile; fileRef = 7357739E1C9A5E720000CD54 /* AFURLRequestSerialization.m */; };
		735773AA1C9A5E720000CD54 /* AFURLResponseSerialization.m in Sources */ = {isa = PBXBuildFile; fileRef = 735773A01C9A5E720000CD54 /* AFURLResponseSerialization.m */; };
		735773AB1C9A5E720000CD54 /* AFURLSessionManager.m in Sources */ = {isa = PBXBuildFile; fileRef = 735773A21C9A5E720000CD54 /* AFURLSessionManager.m */; };
/* End PBXBuildFile section */

/* Begin PBXContainerItemProxy section */
		735773611C9A4ED60000CD54 /* PBXContainerItemProxy */ = {
			isa = PBXContainerItemProxy;
			containerPortal = 7357733F1C9A4ED50000CD54 /* Project object */;
			proxyType = 1;
			remoteGlobalIDString = 735773461C9A4ED50000CD54;
			remoteInfo = MVC;
		};
		7357736C1C9A4ED60000CD54 /* PBXContainerItemProxy */ = {
			isa = PBXContainerItemProxy;
			containerPortal = 7357733F1C9A4ED50000CD54 /* Project object */;
			proxyType = 1;
			remoteGlobalIDString = 735773461C9A4ED50000CD54;
			remoteInfo = MVC;
		};
/* End PBXContainerItemProxy section */

/* Begin PBXFileReference section */
		735773471C9A4ED50000CD54 /* MVC.app */ = {isa = PBXFileReference; explicitFileType = wrapper.application; includeInIndex = 0; path = MVC.app; sourceTree = BUILT_PRODUCTS_DIR; };
		7357734B1C9A4ED60000CD54 /* main.m */ = {isa = PBXFileReference; lastKnownFileType = sourcecode.c.objc; path = main.m; sourceTree = "<group>"; };
		7357734D1C9A4ED60000CD54 /* AppDelegate.h */ = {isa = PBXFileReference; lastKnownFileType = sourcecode.c.h; path = AppDelegate.h; sourceTree = "<group>"; };
		7357734E1C9A4ED60000CD54 /* AppDelegate.m */ = {isa = PBXFileReference; lastKnownFileType = sourcecode.c.objc; path = AppDelegate.m; sourceTree = "<group>"; };
		735773501C9A4ED60000CD54 /* ViewController.h */ = {isa = PBXFileReference; lastKnownFileType = sourcecode.c.h; path = ViewController.h; sourceTree = "<group>"; };
		735773511C9A4ED60000CD54 /* ViewController.m */ = {isa = PBXFileReference; lastKnownFileType = sourcecode.c.objc; path = ViewController.m; sourceTree = "<group>"; };
		735773541C9A4ED60000CD54 /* Base */ = {isa = PBXFileReference; lastKnownFileType = file.storyboard; name = Base; path = Base.lproj/Main.storyboard; sourceTree = "<group>"; };
		735773561C9A4ED60000CD54 /* Assets.xcassets */ = {isa = PBXFileReference; lastKnownFileType = folder.assetcatalog; path = Assets.xcassets; sourceTree = "<group>"; };
		735773591C9A4ED60000CD54 /* Base */ = {isa = PBXFileReference; lastKnownFileType = file.storyboard; name = Base; path = Base.lproj/LaunchScreen.storyboard; sourceTree = "<group>"; };
		7357735B1C9A4ED60000CD54 /* Info.plist */ = {isa = PBXFileReference; lastKnownFileType = text.plist.xml; path = Info.plist; sourceTree = "<group>"; };
		735773601C9A4ED60000CD54 /* MVCTests.xctest */ = {isa = PBXFileReference; explicitFileType = wrapper.cfbundle; includeInIndex = 0; path = MVCTests.xctest; sourceTree = BUILT_PRODUCTS_DIR; };
		735773641C9A4ED60000CD54 /* MVCTests.m */ = {isa = PBXFileReference; lastKnownFileType = sourcecode.c.objc; path = MVCTests.m; sourceTree = "<group>"; };
		735773661C9A4ED60000CD54 /* Info.plist */ = {isa = PBXFileReference; lastKnownFileType = text.plist.xml; path = Info.plist; sourceTree = "<group>"; };
		7357736B1C9A4ED60000CD54 /* MVCUITests.xctest */ = {isa = PBXFileReference; explicitFileType = wrapper.cfbundle; includeInIndex = 0; path = MVCUITests.xctest; sourceTree = BUILT_PRODUCTS_DIR; };
		7357736F1C9A4ED60000CD54 /* MVCUITests.m */ = {isa = PBXFileReference; lastKnownFileType = sourcecode.c.objc; path = MVCUITests.m; sourceTree = "<group>"; };
		735773711C9A4ED60000CD54 /* Info.plist */ = {isa = PBXFileReference; lastKnownFileType = text.plist.xml; path = Info.plist; sourceTree = "<group>"; };
		735773801C9A4FB10000CD54 /* List_TableViewController.h */ = {isa = PBXFileReference; fileEncoding = 4; lastKnownFileType = sourcecode.c.h; path = List_TableViewController.h; sourceTree = "<group>"; };
		735773811C9A4FB10000CD54 /* List_TableViewController.m */ = {isa = PBXFileReference; fileEncoding = 4; lastKnownFileType = sourcecode.c.objc; path = List_TableViewController.m; sourceTree = "<group>"; };
		735773831C9A4FEC0000CD54 /* TeacherModel.h */ = {isa = PBXFileReference; fileEncoding = 4; lastKnownFileType = sourcecode.c.h; path = TeacherModel.h; sourceTree = "<group>"; };
		735773841C9A4FEC0000CD54 /* TeacherModel.m */ = {isa = PBXFileReference; fileEncoding = 4; lastKnownFileType = sourcecode.c.objc; path = TeacherModel.m; sourceTree = "<group>"; };
		735773861C9A53A70000CD54 /* TableViewCell.h */ = {isa = PBXFileReference; fileEncoding = 4; lastKnownFileType = sourcecode.c.h; path = TableViewCell.h; sourceTree = "<group>"; };
		735773871C9A53A70000CD54 /* TableViewCell.m */ = {isa = PBXFileReference; fileEncoding = 4; lastKnownFileType = sourcecode.c.objc; path = TableViewCell.m; sourceTree = "<group>"; };
		735773881C9A53A70000CD54 /* TableViewCell.xib */ = {isa = PBXFileReference; fileEncoding = 4; lastKnownFileType = file.xib; path = TableViewCell.xib; sourceTree = "<group>"; };
		7357738C1C9A5D620000CD54 /* AViewController.h */ = {isa = PBXFileReference; fileEncoding = 4; lastKnownFileType = sourcecode.c.h; path = AViewController.h; sourceTree = "<group>"; };
		7357738D1C9A5D620000CD54 /* AViewController.m */ = {isa = PBXFileReference; fileEncoding = 4; lastKnownFileType = sourcecode.c.objc; path = AViewController.m; sourceTree = "<group>"; };
		735773901C9A5E720000CD54 /* AFHTTPRequestOperation.h */ = {isa = PBXFileReference; fileEncoding = 4; lastKnownFileType = sourcecode.c.h; path = AFHTTPRequestOperation.h; sourceTree = "<group>"; };
		735773911C9A5E720000CD54 /* AFHTTPRequestOperation.m */ = {isa = PBXFileReference; fileEncoding = 4; lastKnownFileType = sourcecode.c.objc; path = AFHTTPRequestOperation.m; sourceTree = "<group>"; };
		735773921C9A5E720000CD54 /* AFHTTPRequestOperationManager.h */ = {isa = PBXFileReference; fileEncoding = 4; lastKnownFileType = sourcecode.c.h; path = AFHTTPRequestOperationManager.h; sourceTree = "<group>"; };
		735773931C9A5E720000CD54 /* AFHTTPRequestOperationManager.m */ = {isa = PBXFileReference; fileEncoding = 4; lastKnownFileType = sourcecode.c.objc; path = AFHTTPRequestOperationManager.m; sourceTree = "<group>"; };
		735773941C9A5E720000CD54 /* AFHTTPSessionManager.h */ = {isa = PBXFileReference; fileEncoding = 4; lastKnownFileType = sourcecode.c.h; path = AFHTTPSessionManager.h; sourceTree = "<group>"; };
		735773951C9A5E720000CD54 /* AFHTTPSessionManager.m */ = {isa = PBXFileReference; fileEncoding = 4; lastKnownFileType = sourcecode.c.objc; path = AFHTTPSessionManager.m; sourceTree = "<group>"; };
		735773961C9A5E720000CD54 /* AFNetworking.h */ = {isa = PBXFileReference; fileEncoding = 4; lastKnownFileType = sourcecode.c.h; path = AFNetworking.h; sourceTree = "<group>"; };
		735773971C9A5E720000CD54 /* AFNetworkReachabilityManager.h */ = {isa = PBXFileReference; fileEncoding = 4; lastKnownFileType = sourcecode.c.h; path = AFNetworkReachabilityManager.h; sourceTree = "<group>"; };
		735773981C9A5E720000CD54 /* AFNetworkReachabilityManager.m */ = {isa = PBXFileReference; fileEncoding = 4; lastKnownFileType = sourcecode.c.objc; path = AFNetworkReachabilityManager.m; sourceTree = "<group>"; };
		735773991C9A5E720000CD54 /* AFSecurityPolicy.h */ = {isa = PBXFileReference; fileEncoding = 4; lastKnownFileType = sourcecode.c.h; path = AFSecurityPolicy.h; sourceTree = "<group>"; };
		7357739A1C9A5E720000CD54 /* AFSecurityPolicy.m */ = {isa = PBXFileReference; fileEncoding = 4; lastKnownFileType = sourcecode.c.objc; path = AFSecurityPolicy.m; sourceTree = "<group>"; };
		7357739B1C9A5E720000CD54 /* AFURLConnectionOperation.h */ = {isa = PBXFileReference; fileEncoding = 4; lastKnownFileType = sourcecode.c.h; path = AFURLConnectionOperation.h; sourceTree = "<group>"; };
		7357739C1C9A5E720000CD54 /* AFURLConnectionOperation.m */ = {isa = PBXFileReference; fileEncoding = 4; lastKnownFileType = sourcecode.c.objc; path = AFURLConnectionOperation.m; sourceTree = "<group>"; };
		7357739D1C9A5E720000CD54 /* AFURLRequestSerialization.h */ = {isa = PBXFileReference; fileEncoding = 4; lastKnownFileType = sourcecode.c.h; path = AFURLRequestSerialization.h; sourceTree = "<group>"; };
		7357739E1C9A5E720000CD54 /* AFURLRequestSerialization.m */ = {isa = PBXFileReference; fileEncoding = 4; lastKnownFileType = sourcecode.c.objc; path = AFURLRequestSerialization.m; sourceTree = "<group>"; };
		7357739F1C9A5E720000CD54 /* AFURLResponseSerialization.h */ = {isa = PBXFileReference; fileEncoding = 4; lastKnownFileType = sourcecode.c.h; path = AFURLResponseSerialization.h; sourceTree = "<group>"; };
		735773A01C9A5E720000CD54 /* AFURLResponseSerialization.m */ = {isa = PBXFileReference; fileEncoding = 4; lastKnownFileType = sourcecode.c.objc; path = AFURLResponseSerialization.m; sourceTree = "<group>"; };
		735773A11C9A5E720000CD54 /* AFURLSessionManager.h */ = {isa = PBXFileReference; fileEncoding = 4; lastKnownFileType = sourcecode.c.h; path = AFURLSessionManager.h; sourceTree = "<group>"; };
		735773A21C9A5E720000CD54 /* AFURLSessionManager.m */ = {isa = PBXFileReference; fileEncoding = 4; lastKnownFileType = sourcecode.c.objc; path = AFURLSessionManager.m; sourceTree = "<group>"; };
/* End PBXFileReference section */

/* Begin PBXFrameworksBuildPhase section */
		735773441C9A4ED50000CD54 /* Frameworks */ = {
			isa = PBXFrameworksBuildPhase;
			buildActionMask = 2147483647;
			files = (
			);
			runOnlyForDeploymentPostprocessing = 0;
		};
		7357735D1C9A4ED60000CD54 /* Frameworks */ = {
			isa = PBXFrameworksBuildPhase;
			buildActionMask = 2147483647;
			files = (
			);
			runOnlyForDeploymentPostprocessing = 0;
		};
		735773681C9A4ED60000CD54 /* Frameworks */ = {
			isa = PBXFrameworksBuildPhase;
			buildActionMask = 2147483647;
			files = (
			);
			runOnlyForDeploymentPostprocessing = 0;
		};
/* End PBXFrameworksBuildPhase section */

/* Begin PBXGroup section */
		7357733E1C9A4ED50000CD54 = {
			isa = PBXGroup;
			children = (
				735773491C9A4ED50000CD54 /* MVC */,
				735773631C9A4ED60000CD54 /* MVCTests */,
				7357736E1C9A4ED60000CD54 /* MVCUITests */,
				735773481C9A4ED50000CD54 /* Products */,
			);
			sourceTree = "<group>";
		};
		735773481C9A4ED50000CD54 /* Products */ = {
			isa = PBXGroup;
			children = (
				735773471C9A4ED50000CD54 /* MVC.app */,
				735773601C9A4ED60000CD54 /* MVCTests.xctest */,
				7357736B1C9A4ED60000CD54 /* MVCUITests.xctest */,
			);
			name = Products;
			sourceTree = "<group>";
		};
		735773491C9A4ED50000CD54 /* MVC */ = {
			isa = PBXGroup;
			children = (
				7357734D1C9A4ED60000CD54 /* AppDelegate.h */,
				7357734E1C9A4ED60000CD54 /* AppDelegate.m */,
				7357738F1C9A5E720000CD54 /* AFNetworking1 */,
				7357737F1C9A4F0F0000CD54 /* controller */,
				7357737E1C9A4F050000CD54 /* view */,
				7357737D1C9A4EFE0000CD54 /* model */,
				735773531C9A4ED60000CD54 /* Main.storyboard */,
				735773561C9A4ED60000CD54 /* Assets.xcassets */,
				735773581C9A4ED60000CD54 /* LaunchScreen.storyboard */,
				7357735B1C9A4ED60000CD54 /* Info.plist */,
				7357734A1C9A4ED50000CD54 /* Supporting Files */,
			);
			path = MVC;
			sourceTree = "<group>";
		};
		7357734A1C9A4ED50000CD54 /* Supporting Files */ = {
			isa = PBXGroup;
			children = (
				7357734B1C9A4ED60000CD54 /* main.m */,
			);
			name = "Supporting Files";
			sourceTree = "<group>";
		};
		735773631C9A4ED60000CD54 /* MVCTests */ = {
			isa = PBXGroup;
			children = (
				735773641C9A4ED60000CD54 /* MVCTests.m */,
				735773661C9A4ED60000CD54 /* Info.plist */,
			);
			path = MVCTests;
			sourceTree = "<group>";
		};
		7357736E1C9A4ED60000CD54 /* MVCUITests */ = {
			isa = PBXGroup;
			children = (
				7357736F1C9A4ED60000CD54 /* MVCUITests.m */,
				735773711C9A4ED60000CD54 /* Info.plist */,
			);
			path = MVCUITests;
			sourceTree = "<group>";
		};
		7357737D1C9A4EFE0000CD54 /* model */ = {
			isa = PBXGroup;
			children = (
				735773831C9A4FEC0000CD54 /* TeacherModel.h */,
				735773841C9A4FEC0000CD54 /* TeacherModel.m */,
			);
			name = model;
			sourceTree = "<group>";
		};
		7357737E1C9A4F050000CD54 /* view */ = {
			isa = PBXGroup;
			children = (
				735773801C9A4FB10000CD54 /* List_TableViewController.h */,
				735773811C9A4FB10000CD54 /* List_TableViewController.m */,
				735773861C9A53A70000CD54 /* TableViewCell.h */,
				735773871C9A53A70000CD54 /* TableViewCell.m */,
				735773881C9A53A70000CD54 /* TableViewCell.xib */,
			);
			name = view;
			sourceTree = "<group>";
		};
		7357737F1C9A4F0F0000CD54 /* controller */ = {
			isa = PBXGroup;
			children = (
				735773501C9A4ED60000CD54 /* ViewController.h */,
				735773511C9A4ED60000CD54 /* ViewController.m */,
				7357738C1C9A5D620000CD54 /* AViewController.h */,
				7357738D1C9A5D620000CD54 /* AViewController.m */,
			);
			name = controller;
			sourceTree = "<group>";
		};
		7357738F1C9A5E720000CD54 /* AFNetworking1 */ = {
			isa = PBXGroup;
			children = (
				735773901C9A5E720000CD54 /* AFHTTPRequestOperation.h */,
				735773911C9A5E720000CD54 /* AFHTTPRequestOperation.m */,
				735773921C9A5E720000CD54 /* AFHTTPRequestOperationManager.h */,
				735773931C9A5E720000CD54 /* AFHTTPRequestOperationManager.m */,
				735773941C9A5E720000CD54 /* AFHTTPSessionManager.h */,
				735773951C9A5E720000CD54 /* AFHTTPSessionManager.m */,
				735773961C9A5E720000CD54 /* AFNetworking.h */,
				735773971C9A5E720000CD54 /* AFNetworkReachabilityManager.h */,
				735773981C9A5E720000CD54 /* AFNetworkReachabilityManager.m */,
				735773991C9A5E720000CD54 /* AFSecurityPolicy.h */,
				7357739A1C9A5E720000CD54 /* AFSecurityPolicy.m */,
				7357739B1C9A5E720000CD54 /* AFURLConnectionOperation.h */,
				7357739C1C9A5E720000CD54 /* AFURLConnectionOperation.m */,
				7357739D1C9A5E720000CD54 /* AFURLRequestSerialization.h */,
				7357739E1C9A5E720000CD54 /* AFURLRequestSerialization.m */,
				7357739F1C9A5E720000CD54 /* AFURLResponseSerialization.h */,
				735773A01C9A5E720000CD54 /* AFURLResponseSerialization.m */,
				735773A11C9A5E720000CD54 /* AFURLSessionManager.h */,
				735773A21C9A5E720000CD54 /* AFURLSessionManager.m */,
			);
			path = AFNetworking1;
			sourceTree = "<group>";
		};
/* End PBXGroup section */

/* Begin PBXNativeTarget section */
		735773461C9A4ED50000CD54 /* MVC */ = {
			isa = PBXNativeTarget;
			buildConfigurationList = 735773741C9A4ED60000CD54 /* Build configuration list for PBXNativeTarget "MVC" */;
			buildPhases = (
				735773431C9A4ED50000CD54 /* Sources */,
				735773441C9A4ED50000CD54 /* Frameworks */,
				735773451C9A4ED50000CD54 /* Resources */,
			);
			buildRules = (
			);
			dependencies = (
			);
			name = MVC;
			productName = MVC;
			productReference = 735773471C9A4ED50000CD54 /* MVC.app */;
			productType = "com.apple.product-type.application";
		};
		7357735F1C9A4ED60000CD54 /* MVCTests */ = {
			isa = PBXNativeTarget;
			buildConfigurationList = 735773771C9A4ED60000CD54 /* Build configuration list for PBXNativeTarget "MVCTests" */;
			buildPhases = (
				7357735C1C9A4ED60000CD54 /* Sources */,
				7357735D1C9A4ED60000CD54 /* Frameworks */,
				7357735E1C9A4ED60000CD54 /* Resources */,
			);
			buildRules = (
			);
			dependencies = (
				735773621C9A4ED60000CD54 /* PBXTargetDependency */,
			);
			name = MVCTests;
			productName = MVCTests;
			productReference = 735773601C9A4ED60000CD54 /* MVCTests.xctest */;
			productType = "com.apple.product-type.bundle.unit-test";
		};
		7357736A1C9A4ED60000CD54 /* MVCUITests */ = {
			isa = PBXNativeTarget;
			buildConfigurationList = 7357737A1C9A4ED60000CD54 /* Build configuration list for PBXNativeTarget "MVCUITests" */;
			buildPhases = (
				735773671C9A4ED60000CD54 /* Sources */,
				735773681C9A4ED60000CD54 /* Frameworks */,
				735773691C9A4ED60000CD54 /* Resources */,
			);
			buildRules = (
			);
			dependencies = (
				7357736D1C9A4ED60000CD54 /* PBXTargetDependency */,
			);
			name = MVCUITests;
			productName = MVCUITests;
			productReference = 7357736B1C9A4ED60000CD54 /* MVCUITests.xctest */;
			productType = "com.apple.product-type.bundle.ui-testing";
		};
/* End PBXNativeTarget section */

/* Begin PBXProject section */
		7357733F1C9A4ED50000CD54 /* Project object */ = {
			isa = PBXProject;
			attributes = {
				LastUpgradeCheck = 0720;
				ORGANIZATIONNAME = Moon;
				TargetAttributes = {
					735773461C9A4ED50000CD54 = {
						CreatedOnToolsVersion = 7.2;
					};
					7357735F1C9A4ED60000CD54 = {
						CreatedOnToolsVersion = 7.2;
						TestTargetID = 735773461C9A4ED50000CD54;
					};
					7357736A1C9A4ED60000CD54 = {
						CreatedOnToolsVersion = 7.2;
						TestTargetID = 735773461C9A4ED50000CD54;
					};
				};
			};
			buildConfigurationList = 735773421C9A4ED50000CD54 /* Build configuration list for PBXProject "MVC" */;
			compatibilityVersion = "Xcode 3.2";
			developmentRegion = English;
			hasScannedForEncodings = 0;
			knownRegions = (
				en,
				Base,
			);
			mainGroup = 7357733E1C9A4ED50000CD54;
			productRefGroup = 735773481C9A4ED50000CD54 /* Products */;
			projectDirPath = "";
			projectRoot = "";
			targets = (
				735773461C9A4ED50000CD54 /* MVC */,
				7357735F1C9A4ED60000CD54 /* MVCTests */,
				7357736A1C9A4ED60000CD54 /* MVCUITests */,
			);
		};
/* End PBXProject section */

/* Begin PBXResourcesBuildPhase section */
		735773451C9A4ED50000CD54 /* Resources */ = {
			isa = PBXResourcesBuildPhase;
			buildActionMask = 2147483647;
			files = (
				7357735A1C9A4ED60000CD54 /* LaunchScreen.storyboard in Resources */,
				7357738A1C9A53A70000CD54 /* TableViewCell.xib in Resources */,
				735773571C9A4ED60000CD54 /* Assets.xcassets in Resources */,
				735773551C9A4ED60000CD54 /* Main.storyboard in Resources */,
			);
			runOnlyForDeploymentPostprocessing = 0;
		};
		7357735E1C9A4ED60000CD54 /* Resources */ = {
			isa = PBXResourcesBuildPhase;
			buildActionMask = 2147483647;
			files = (
			);
			runOnlyForDeploymentPostprocessing = 0;
		};
		735773691C9A4ED60000CD54 /* Resources */ = {
			isa = PBXResourcesBuildPhase;
			buildActionMask = 2147483647;
			files = (
			);
			runOnlyForDeploymentPostprocessing = 0;
		};
/* End PBXResourcesBuildPhase section */

/* Begin PBXSourcesBuildPhase section */
		735773431C9A4ED50000CD54 /* Sources */ = {
			isa = PBXSourcesBuildPhase;
			buildActionMask = 2147483647;
			files = (
				735773A81C9A5E720000CD54 /* AFURLConnectionOperation.m in Sources */,
				735773521C9A4ED60000CD54 /* ViewController.m in Sources */,
				7357738E1C9A5D620000CD54 /* AViewController.m in Sources */,
				735773891C9A53A70000CD54 /* TableViewCell.m in Sources */,
				735773AA1C9A5E720000CD54 /* AFURLResponseSerialization.m in Sources */,
				735773851C9A4FEC0000CD54 /* TeacherModel.m in Sources */,
				735773A91C9A5E720000CD54 /* AFURLRequestSerialization.m in Sources */,
				735773A71C9A5E720000CD54 /* AFSecurityPolicy.m in Sources */,
				735773A31C9A5E720000CD54 /* AFHTTPRequestOperation.m in Sources */,
				735773AB1C9A5E720000CD54 /* AFURLSessionManager.m in Sources */,
				7357734F1C9A4ED60000CD54 /* AppDelegate.m in Sources */,
				7357734C1C9A4ED60000CD54 /* main.m in Sources */,
				735773A51C9A5E720000CD54 /* AFHTTPSessionManager.m in Sources */,
				735773821C9A4FB10000CD54 /* List_TableViewController.m in Sources */,
				735773A61C9A5E720000CD54 /* AFNetworkReachabilityManager.m in Sources */,
				735773A41C9A5E720000CD54 /* AFHTTPRequestOperationManager.m in Sources */,
			);
			runOnlyForDeploymentPostprocessing = 0;
		};
		7357735C1C9A4ED60000CD54 /* Sources */ = {
			isa = PBXSourcesBuildPhase;
			buildActionMask = 2147483647;
			files = (
				735773651C9A4ED60000CD54 /* MVCTests.m in Sources */,
			);
			runOnlyForDeploymentPostprocessing = 0;
		};
		735773671C9A4ED60000CD54 /* Sources */ = {
			isa = PBXSourcesBuildPhase;
			buildActionMask = 2147483647;
			files = (
				735773701C9A4ED60000CD54 /* MVCUITests.m in Sources */,
			);
			runOnlyForDeploymentPostprocessing = 0;
		};
/* End PBXSourcesBuildPhase section */

/* Begin PBXTargetDependency section */
		735773621C9A4ED60000CD54 /* PBXTargetDependency */ = {
			isa = PBXTargetDependency;
			target = 735773461C9A4ED50000CD54 /* MVC */;
			targetProxy = 735773611C9A4ED60000CD54 /* PBXContainerItemProxy */;
		};
		7357736D1C9A4ED60000CD54 /* PBXTargetDependency */ = {
			isa = PBXTargetDependency;
			target = 735773461C9A4ED50000CD54 /* MVC */;
			targetProxy = 7357736C1C9A4ED60000CD54 /* PBXContainerItemProxy */;
		};
/* End PBXTargetDependency section */

/* Begin PBXVariantGroup section */
		735773531C9A4ED60000CD54 /* Main.storyboard */ = {
			isa = PBXVariantGroup;
			children = (
				735773541C9A4ED60000CD54 /* Base */,
			);
			name = Main.storyboard;
			sourceTree = "<group>";
		};
		735773581C9A4ED60000CD54 /* LaunchScreen.storyboard */ = {
			isa = PBXVariantGroup;
			children = (
				735773591C9A4ED60000CD54 /* Base */,
			);
			name = LaunchScreen.storyboard;
			sourceTree = "<group>";
		};
/* End PBXVariantGroup section */

/* Begin XCBuildConfiguration section */
		735773721C9A4ED60000CD54 /* Debug */ = {
			isa = XCBuildConfiguration;
			buildSettings = {
				ALWAYS_SEARCH_USER_PATHS = NO;
				CLANG_CXX_LANGUAGE_STANDARD = "gnu++0x";
				CLANG_CXX_LIBRARY = "libc++";
				CLANG_ENABLE_MODULES = YES;
				CLANG_ENABLE_OBJC_ARC = YES;
				CLANG_WARN_BOOL_CONVERSION = YES;
				CLANG_WARN_CONSTANT_CONVERSION = YES;
				CLANG_WARN_DIRECT_OBJC_ISA_USAGE = YES_ERROR;
				CLANG_WARN_EMPTY_BODY = YES;
				CLANG_WARN_ENUM_CONVERSION = YES;
				CLANG_WARN_INT_CONVERSION = YES;
				CLANG_WARN_OBJC_ROOT_CLASS = YES_ERROR;
				CLANG_WARN_UNREACHABLE_CODE = YES;
				CLANG_WARN__DUPLICATE_METHOD_MATCH = YES;
				"CODE_SIGN_IDENTITY[sdk=iphoneos*]" = "iPhone Developer";
				COPY_PHASE_STRIP = NO;
				DEBUG_INFORMATION_FORMAT = dwarf;
				ENABLE_STRICT_OBJC_MSGSEND = YES;
				ENABLE_TESTABILITY = YES;
				GCC_C_LANGUAGE_STANDARD = gnu99;
				GCC_DYNAMIC_NO_PIC = NO;
				GCC_NO_COMMON_BLOCKS = YES;
				GCC_OPTIMIZATION_LEVEL = 0;
				GCC_PREPROCESSOR_DEFINITIONS = (
					"DEBUG=1",
					"$(inherited)",
				);
				GCC_WARN_64_TO_32_BIT_CONVERSION = YES;
				GCC_WARN_ABOUT_RETURN_TYPE = YES_ERROR;
				GCC_WARN_UNDECLARED_SELECTOR = YES;
				GCC_WARN_UNINITIALIZED_AUTOS = YES_AGGRESSIVE;
				GCC_WARN_UNUSED_FUNCTION = YES;
				GCC_WARN_UNUSED_VARIABLE = YES;
				IPHONEOS_DEPLOYMENT_TARGET = 9.2;
				MTL_ENABLE_DEBUG_INFO = YES;
				ONLY_ACTIVE_ARCH = YES;
				SDKROOT = iphoneos;
				TARGETED_DEVICE_FAMILY = "1,2";
			};
			name = Debug;
		};
		735773731C9A4ED60000CD54 /* Release */ = {
			isa = XCBuildConfiguration;
			buildSettings = {
				ALWAYS_SEARCH_USER_PATHS = NO;
				CLANG_CXX_LANGUAGE_STANDARD = "gnu++0x";
				CLANG_CXX_LIBRARY = "libc++";
				CLANG_ENABLE_MODULES = YES;
				CLANG_ENABLE_OBJC_ARC = YES;
				CLANG_WARN_BOOL_CONVERSION = YES;
				CLANG_WARN_CONSTANT_CONVERSION = YES;
				CLANG_WARN_DIRECT_OBJC_ISA_USAGE = YES_ERROR;
				CLANG_WARN_EMPTY_BODY = YES;
				CLANG_WARN_ENUM_CONVERSION = YES;
				CLANG_WARN_INT_CONVERSION = YES;
				CLANG_WARN_OBJC_ROOT_CLASS = YES_ERROR;
				CLANG_WARN_UNREACHABLE_CODE = YES;
				CLANG_WARN__DUPLICATE_METHOD_MATCH = YES;
				"CODE_SIGN_IDENTITY[sdk=iphoneos*]" = "iPhone Developer";
				COPY_PHASE_STRIP = NO;
				DEBUG_INFORMATION_FORMAT = "dwarf-with-dsym";
				ENABLE_NS_ASSERTIONS = NO;
				ENABLE_STRICT_OBJC_MSGSEND = YES;
				GCC_C_LANGUAGE_STANDARD = gnu99;
				GCC_NO_COMMON_BLOCKS = YES;
				GCC_WARN_64_TO_32_BIT_CONVERSION = YES;
				GCC_WARN_ABOUT_RETURN_TYPE = YES_ERROR;
				GCC_WARN_UNDECLARED_SELECTOR = YES;
				GCC_WARN_UNINITIALIZED_AUTOS = YES_AGGRESSIVE;
				GCC_WARN_UNUSED_FUNCTION = YES;
				GCC_WARN_UNUSED_VARIABLE = YES;
				IPHONEOS_DEPLOYMENT_TARGET = 9.2;
				MTL_ENABLE_DEBUG_INFO = NO;
				SDKROOT = iphoneos;
				TARGETED_DEVICE_FAMILY = "1,2";
				VALIDATE_PRODUCT = YES;
			};
			name = Release;
		};
		735773751C9A4ED60000CD54 /* Debug */ = {
			isa = XCBuildConfiguration;
			buildSettings = {
				ASSETCATALOG_COMPILER_APPICON_NAME = AppIcon;
				INFOPLIST_FILE = MVC/Info.plist;
				LD_RUNPATH_SEARCH_PATHS = "$(inherited) @executable_path/Frameworks";
				PRODUCT_BUNDLE_IDENTIFIER = personal.MVC;
				PRODUCT_NAME = "$(TARGET_NAME)";
			};
			name = Debug;
		};
		735773761C9A4ED60000CD54 /* Release */ = {
			isa = XCBuildConfiguration;
			buildSettings = {
				ASSETCATALOG_COMPILER_APPICON_NAME = AppIcon;
				INFOPLIST_FILE = MVC/Info.plist;
				LD_RUNPATH_SEARCH_PATHS = "$(inherited) @executable_path/Frameworks";
				PRODUCT_BUNDLE_IDENTIFIER = personal.MVC;
				PRODUCT_NAME = "$(TARGET_NAME)";
			};
			name = Release;
		};
		735773781C9A4ED60000CD54 /* Debug */ = {
			isa = XCBuildConfiguration;
			buildSettings = {
				BUNDLE_LOADER = "$(TEST_HOST)";
				INFOPLIST_FILE = MVCTests/Info.plist;
				LD_RUNPATH_SEARCH_PATHS = "$(inherited) @executable_path/Frameworks @loader_path/Frameworks";
				PRODUCT_BUNDLE_IDENTIFIER = personal.MVCTests;
				PRODUCT_NAME = "$(TARGET_NAME)";
				TEST_HOST = "$(BUILT_PRODUCTS_DIR)/MVC.app/MVC";
			};
			name = Debug;
		};
		735773791C9A4ED60000CD54 /* Release */ = {
			isa = XCBuildConfiguration;
			buildSettings = {
				BUNDLE_LOADER = "$(TEST_HOST)";
				INFOPLIST_FILE = MVCTests/Info.plist;
				LD_RUNPATH_SEARCH_PATHS = "$(inherited) @executable_path/Frameworks @loader_path/Frameworks";
				PRODUCT_BUNDLE_IDENTIFIER = personal.MVCTests;
				PRODUCT_NAME = "$(TARGET_NAME)";
				TEST_HOST = "$(BUILT_PRODUCTS_DIR)/MVC.app/MVC";
			};
			name = Release;
		};
		7357737B1C9A4ED60000CD54 /* Debug */ = {
			isa = XCBuildConfiguration;
			buildSettings = {
				INFOPLIST_FILE = MVCUITests/Info.plist;
				LD_RUNPATH_SEARCH_PATHS = "$(inherited) @executable_path/Frameworks @loader_path/Frameworks";
				PRODUCT_BUNDLE_IDENTIFIER = personal.MVCUITests;
				PRODUCT_NAME = "$(TARGET_NAME)";
				TEST_TARGET_NAME = MVC;
				USES_XCTRUNNER = YES;
			};
			name = Debug;
		};
		7357737C1C9A4ED60000CD54 /* Release */ = {
			isa = XCBuildConfiguration;
			buildSettings = {
				INFOPLIST_FILE = MVCUITests/Info.plist;
				LD_RUNPATH_SEARCH_PATHS = "$(inherited) @executable_path/Frameworks @loader_path/Frameworks";
				PRODUCT_BUNDLE_IDENTIFIER = personal.MVCUITests;
				PRODUCT_NAME = "$(TARGET_NAME)";
				TEST_TARGET_NAME = MVC;
				USES_XCTRUNNER = YES;
			};
			name = Release;
		};
/* End XCBuildConfiguration section */

/* Begin XCConfigurationList section */
		735773421C9A4ED50000CD54 /* Build configuration list for PBXProject "MVC" */ = {
			isa = XCConfigurationList;
			buildConfigurations = (
				735773721C9A4ED60000CD54 /* Debug */,
				735773731C9A4ED60000CD54 /* Release */,
			);
			defaultConfigurationIsVisible = 0;
			defaultConfigurationName = Release;
		};
		735773741C9A4ED60000CD54 /* Build configuration list for PBXNativeTarget "MVC" */ = {
			isa = XCConfigurationList;
			buildConfigurations = (
				735773751C9A4ED60000CD54 /* Debug */,
				735773761C9A4ED60000CD54 /* Release */,
			);
			defaultConfigurationIsVisible = 0;
		};
		735773771C9A4ED60000CD54 /* Build configuration list for PBXNativeTarget "MVCTests" */ = {
			isa = XCConfigurationList;
			buildConfigurations = (
				735773781C9A4ED60000CD54 /* Debug */,
				735773791C9A4ED60000CD54 /* Release */,
			);
			defaultConfigurationIsVisible = 0;
		};
		7357737A1C9A4ED60000CD54 /* Build configuration list for PBXNativeTarget "MVCUITests" */ = {
			isa = XCConfigurationList;
			buildConfigurations = (
				7357737B1C9A4ED60000CD54 /* Debug */,
				7357737C1C9A4ED60000CD54 /* Release */,
			);
			defaultConfigurationIsVisible = 0;
		};
/* End XCConfigurationList section */
	};
	rootObject = 7357733F1C9A4ED50000CD54 /* Project object */;
}
